// !$*UTF8*$!
{
	archiveVersion = 1;
	classes = {
	};
	objectVersion = 55;
	objects = {

/* Begin PBXBuildFile section */
		95BABC8F2859F71400BD187A /* AppDelegate.swift in Sources */ = {isa = PBXBuildFile; fileRef = 95BABC8E2859F71400BD187A /* AppDelegate.swift */; };
		95BABC912859F71400BD187A /* SceneDelegate.swift in Sources */ = {isa = PBXBuildFile; fileRef = 95BABC902859F71400BD187A /* SceneDelegate.swift */; };
		95BABC932859F71400BD187A /* ViewController.swift in Sources */ = {isa = PBXBuildFile; fileRef = 95BABC922859F71400BD187A /* ViewController.swift */; };
		95BABC962859F71400BD187A /* Main.storyboard in Resources */ = {isa = PBXBuildFile; fileRef = 95BABC942859F71400BD187A /* Main.storyboard */; };
		95BABC992859F71400BD187A /* xylophone.xcdatamodeld in Sources */ = {isa = PBXBuildFile; fileRef = 95BABC972859F71400BD187A /* xylophone.xcdatamodeld */; };
		95BABC9B2859F71500BD187A /* Assets.xcassets in Resources */ = {isa = PBXBuildFile; fileRef = 95BABC9A2859F71500BD187A /* Assets.xcassets */; };
		95BABC9E2859F71500BD187A /* LaunchScreen.storyboard in Resources */ = {isa = PBXBuildFile; fileRef = 95BABC9C2859F71500BD187A /* LaunchScreen.storyboard */; };
		95BABCAD285A0DB900BD187A /* F.wav in Resources */ = {isa = PBXBuildFile; fileRef = 95BABCA6285A0DB800BD187A /* F.wav */; };
		95BABCAE285A0DB900BD187A /* E.wav in Resources */ = {isa = PBXBuildFile; fileRef = 95BABCA7285A0DB900BD187A /* E.wav */; };
		95BABCAF285A0DB900BD187A /* A.wav in Resources */ = {isa = PBXBuildFile; fileRef = 95BABCA8285A0DB900BD187A /* A.wav */; };
		95BABCB0285A0DB900BD187A /* D.wav in Resources */ = {isa = PBXBuildFile; fileRef = 95BABCA9285A0DB900BD187A /* D.wav */; };
		95BABCB1285A0DB900BD187A /* C.wav in Resources */ = {isa = PBXBuildFile; fileRef = 95BABCAA285A0DB900BD187A /* C.wav */; };
		95BABCB2285A0DB900BD187A /* B.wav in Resources */ = {isa = PBXBuildFile; fileRef = 95BABCAB285A0DB900BD187A /* B.wav */; };
		95BABCB3285A0DB900BD187A /* G.wav in Resources */ = {isa = PBXBuildFile; fileRef = 95BABCAC285A0DB900BD187A /* G.wav */; };
/* End PBXBuildFile section */

/* Begin PBXFileReference section */
		95BABC8B2859F71400BD187A /* xylophone.app */ = {isa = PBXFileReference; explicitFileType = wrapper.application; includeInIndex = 0; path = xylophone.app; sourceTree = BUILT_PRODUCTS_DIR; };
		95BABC8E2859F71400BD187A /* AppDelegate.swift */ = {isa = PBXFileReference; lastKnownFileType = sourcecode.swift; path = AppDelegate.swift; sourceTree = "<group>"; };
		95BABC902859F71400BD187A /* SceneDelegate.swift */ = {isa = PBXFileReference; lastKnownFileType = sourcecode.swift; path = SceneDelegate.swift; sourceTree = "<group>"; };
		95BABC922859F71400BD187A /* ViewController.swift */ = {isa = PBXFileReference; lastKnownFileType = sourcecode.swift; path = ViewController.swift; sourceTree = "<group>"; };
		95BABC952859F71400BD187A /* Base */ = {isa = PBXFileReference; lastKnownFileType = file.storyboard; name = Base; path = Base.lproj/Main.storyboard; sourceTree = "<group>"; };
		95BABC982859F71400BD187A /* xylophone.xcdatamodel */ = {isa = PBXFileReference; lastKnownFileType = wrapper.xcdatamodel; path = xylophone.xcdatamodel; sourceTree = "<group>"; };
		95BABC9A2859F71500BD187A /* Assets.xcassets */ = {isa = PBXFileReference; lastKnownFileType = folder.assetcatalog; path = Assets.xcassets; sourceTree = "<group>"; };
		95BABC9D2859F71500BD187A /* Base */ = {isa = PBXFileReference; lastKnownFileType = file.storyboard; name = Base; path = Base.lproj/LaunchScreen.storyboard; sourceTree = "<group>"; };
		95BABC9F2859F71500BD187A /* Info.plist */ = {isa = PBXFileReference; lastKnownFileType = text.plist.xml; path = Info.plist; sourceTree = "<group>"; };
		95BABCA6285A0DB800BD187A /* F.wav */ = {isa = PBXFileReference; lastKnownFileType = audio.wav; path = F.wav; sourceTree = "<group>"; };
		95BABCA7285A0DB900BD187A /* E.wav */ = {isa = PBXFileReference; lastKnownFileType = audio.wav; path = E.wav; sourceTree = "<group>"; };
		95BABCA8285A0DB900BD187A /* A.wav */ = {isa = PBXFileReference; lastKnownFileType = audio.wav; path = A.wav; sourceTree = "<group>"; };
		95BABCA9285A0DB900BD187A /* D.wav */ = {isa = PBXFileReference; lastKnownFileType = audio.wav; path = D.wav; sourceTree = "<group>"; };
		95BABCAA285A0DB900BD187A /* C.wav */ = {isa = PBXFileReference; lastKnownFileType = audio.wav; path = C.wav; sourceTree = "<group>"; };
		95BABCAB285A0DB900BD187A /* B.wav */ = {isa = PBXFileReference; lastKnownFileType = audio.wav; path = B.wav; sourceTree = "<group>"; };
		95BABCAC285A0DB900BD187A /* G.wav */ = {isa = PBXFileReference; lastKnownFileType = audio.wav; path = G.wav; sourceTree = "<group>"; };
/* End PBXFileReference section */

/* Begin PBXFrameworksBuildPhase section */
		95BABC882859F71400BD187A /* Frameworks */ = {
			isa = PBXFrameworksBuildPhase;
			buildActionMask = 2147483647;
			files = (
			);
			runOnlyForDeploymentPostprocessing = 0;
		};
/* End PBXFrameworksBuildPhase section */

/* Begin PBXGroup section */
		95BABC822859F71400BD187A = {
			isa = PBXGroup;
			children = (
				95BABC8D2859F71400BD187A /* xylophone */,
				95BABC8C2859F71400BD187A /* Products */,
			);
			sourceTree = "<group>";
		};
		95BABC8C2859F71400BD187A /* Products */ = {
			isa = PBXGroup;
			children = (
				95BABC8B2859F71400BD187A /* xylophone.app */,
			);
			name = Products;
			sourceTree = "<group>";
		};
		95BABC8D2859F71400BD187A /* xylophone */ = {
			isa = PBXGroup;
			children = (
				95BABCA5285A060300BD187A /* Sound */,
				95BABC8E2859F71400BD187A /* AppDelegate.swift */,
				95BABC902859F71400BD187A /* SceneDelegate.swift */,
				95BABC922859F71400BD187A /* ViewController.swift */,
				95BABC942859F71400BD187A /* Main.storyboard */,
				95BABC9A2859F71500BD187A /* Assets.xcassets */,
				95BABC9C2859F71500BD187A /* LaunchScreen.storyboard */,
				95BABC9F2859F71500BD187A /* Info.plist */,
				95BABC972859F71400BD187A /* xylophone.xcdatamodeld */,
			);
			path = xylophone;
			sourceTree = "<group>";
		};
		95BABCA5285A060300BD187A /* Sound */ = {
			isa = PBXGroup;
			children = (
				95BABCA8285A0DB900BD187A /* A.wav */,
				95BABCAB285A0DB900BD187A /* B.wav */,
				95BABCAA285A0DB900BD187A /* C.wav */,
				95BABCA9285A0DB900BD187A /* D.wav */,
				95BABCA7285A0DB900BD187A /* E.wav */,
				95BABCA6285A0DB800BD187A /* F.wav */,
				95BABCAC285A0DB900BD187A /* G.wav */,
			);
			path = Sound;
			sourceTree = "<group>";
		};
/* End PBXGroup section */

/* Begin PBXNativeTarget section */
		95BABC8A2859F71400BD187A /* xylophone */ = {
			isa = PBXNativeTarget;
			buildConfigurationList = 95BABCA22859F71500BD187A /* Build configuration list for PBXNativeTarget "xylophone" */;
			buildPhases = (
				95BABC872859F71400BD187A /* Sources */,
				95BABC882859F71400BD187A /* Frameworks */,
				95BABC892859F71400BD187A /* Resources */,
			);
			buildRules = (
			);
			dependencies = (
			);
			name = xylophone;
			productName = xylophone;
			productReference = 95BABC8B2859F71400BD187A /* xylophone.app */;
			productType = "com.apple.product-type.application";
		};
/* End PBXNativeTarget section */

/* Begin PBXProject section */
		95BABC832859F71400BD187A /* Project object */ = {
			isa = PBXProject;
			attributes = {
				BuildIndependentTargetsInParallel = 1;
				LastSwiftUpdateCheck = 1340;
				LastUpgradeCheck = 1340;
				TargetAttributes = {
					95BABC8A2859F71400BD187A = {
						CreatedOnToolsVersion = 13.4.1;
					};
				};
			};
			buildConfigurationList = 95BABC862859F71400BD187A /* Build configuration list for PBXProject "xylophone" */;
			compatibilityVersion = "Xcode 13.0";
			developmentRegion = en;
			hasScannedForEncodings = 0;
			knownRegions = (
				en,
				Base,
			);
			mainGroup = 95BABC822859F71400BD187A;
			productRefGroup = 95BABC8C2859F71400BD187A /* Products */;
			projectDirPath = "";
			projectRoot = "";
			targets = (
				95BABC8A2859F71400BD187A /* xylophone */,
			);
		};
/* End PBXProject section */

/* Begin PBXResourcesBuildPhase section */
		95BABC892859F71400BD187A /* Resources */ = {
			isa = PBXResourcesBuildPhase;
			buildActionMask = 2147483647;
			files = (
				95BABCAF285A0DB900BD187A /* A.wav in Resources */,
				95BABCAE285A0DB900BD187A /* E.wav in Resources */,
				95BABCB0285A0DB900BD187A /* D.wav in Resources */,
				95BABC9E2859F71500BD187A /* LaunchScreen.storyboard in Resources */,
				95BABCB1285A0DB900BD187A /* C.wav in Resources */,
				95BABC9B2859F71500BD187A /* Assets.xcassets in Resources */,
				95BABCB3285A0DB900BD187A /* G.wav in Resources */,
				95BABCB2285A0DB900BD187A /* B.wav in Resources */,
				95BABC962859F71400BD187A /* Main.storyboard in Resources */,
				95BABCAD285A0DB900BD187A /* F.wav in Resources */,
			);
			runOnlyForDeploymentPostprocessing = 0;
		};
/* End PBXResourcesBuildPhase section */

/* Begin PBXSourcesBuildPhase section */
		95BABC872859F71400BD187A /* Sources */ = {
			isa = PBXSourcesBuildPhase;
			buildActionMask = 2147483647;
			files = (
				95BABC992859F71400BD187A /* xylophone.xcdatamodeld in Sources */,
				95BABC932859F71400BD187A /* ViewController.swift in Sources */,
				95BABC8F2859F71400BD187A /* AppDelegate.swift in Sources */,
				95BABC912859F71400BD187A /* SceneDelegate.swift in Sources */,
			);
			runOnlyForDeploymentPostprocessing = 0;
		};
/* End PBXSourcesBuildPhase section */

/* Begin PBXVariantGroup section */
		95BABC942859F71400BD187A /* Main.storyboard */ = {
			isa = PBXVariantGroup;
			children = (
				95BABC952859F71400BD187A /* Base */,
			);
			name = Main.storyboard;
			sourceTree = "<group>";
		};
		95BABC9C2859F71500BD187A /* LaunchScreen.storyboard */ = {
			isa = PBXVariantGroup;
			children = (
				95BABC9D2859F71500BD187A /* Base */,
			);
			name = LaunchScreen.storyboard;
			sourceTree = "<group>";
		};
/* End PBXVariantGroup section */

/* Begin XCBuildConfiguration section */
		95BABCA02859F71500BD187A /* Debug */ = {
			isa = XCBuildConfiguration;
			buildSettings = {
				ALWAYS_SEARCH_USER_PATHS = NO;
				CLANG_ANALYZER_NONNULL = YES;
				CLANG_ANALYZER_NUMBER_OBJECT_CONVERSION = YES_AGGRESSIVE;
				CLANG_CXX_LANGUAGE_STANDARD = "gnu++17";
				CLANG_ENABLE_MODULES = YES;
				CLANG_ENABLE_OBJC_ARC = YES;
				CLANG_ENABLE_OBJC_WEAK = YES;
				CLANG_WARN_BLOCK_CAPTURE_AUTORELEASING = YES;
				CLANG_WARN_BOOL_CONVERSION = YES;
				CLANG_WARN_COMMA = YES;
				CLANG_WARN_CONSTANT_CONVERSION = YES;
				CLANG_WARN_DEPRECATED_OBJC_IMPLEMENTATIONS = YES;
				CLANG_WARN_DIRECT_OBJC_ISA_USAGE = YES_ERROR;
				CLANG_WARN_DOCUMENTATION_COMMENTS = YES;
				CLANG_WARN_EMPTY_BODY = YES;
				CLANG_WARN_ENUM_CONVERSION = YES;
				CLANG_WARN_INFINITE_RECURSION = YES;
				CLANG_WARN_INT_CONVERSION = YES;
				CLANG_WARN_NON_LITERAL_NULL_CONVERSION = YES;
				CLANG_WARN_OBJC_IMPLICIT_RETAIN_SELF = YES;
				CLANG_WARN_OBJC_LITERAL_CONVERSION = YES;
				CLANG_WARN_OBJC_ROOT_CLASS = YES_ERROR;
				CLANG_WARN_QUOTED_INCLUDE_IN_FRAMEWORK_HEADER = YES;
				CLANG_WARN_RANGE_LOOP_ANALYSIS = YES;
				CLANG_WARN_STRICT_PROTOTYPES = YES;
				CLANG_WARN_SUSPICIOUS_MOVE = YES;
				CLANG_WARN_UNGUARDED_AVAILABILITY = YES_AGGRESSIVE;
				CLANG_WARN_UNREACHABLE_CODE = YES;
				CLANG_WARN__DUPLICATE_METHOD_MATCH = YES;
				COPY_PHASE_STRIP = NO;
				DEBUG_INFORMATION_FORMAT = dwarf;
				ENABLE_STRICT_OBJC_MSGSEND = YES;
				ENABLE_TESTABILITY = YES;
				GCC_C_LANGUAGE_STANDARD = gnu11;
				GCC_DYNAMIC_NO_PIC = NO;
				GCC_NO_COMMON_BLOCKS = YES;
				GCC_OPTIMIZATION_LEVEL = 0;
				GCC_PREPROCESSOR_DEFINITIONS = (
					"DEBUG=1",
					"$(inherited)",
				);
				GCC_WARN_64_TO_32_BIT_CONVERSION = YES;
				GCC_WARN_ABOUT_RETURN_TYPE = YES_ERROR;
				GCC_WARN_UNDECLARED_SELECTOR = YES;
				GCC_WARN_UNINITIALIZED_AUTOS = YES_AGGRESSIVE;
				GCC_WARN_UNUSED_FUNCTION = YES;
				GCC_WARN_UNUSED_VARIABLE = YES;
				IPHONEOS_DEPLOYMENT_TARGET = 15.5;
				MTL_ENABLE_DEBUG_INFO = INCLUDE_SOURCE;
				MTL_FAST_MATH = YES;
				ONLY_ACTIVE_ARCH = YES;
				SDKROOT = iphoneos;
				SWIFT_ACTIVE_COMPILATION_CONDITIONS = DEBUG;
				SWIFT_OPTIMIZATION_LEVEL = "-Onone";
			};
			name = Debug;
		};
		95BABCA12859F71500BD187A /* Release */ = {
			isa = XCBuildConfiguration;
			buildSettings = {
				ALWAYS_SEARCH_USER_PATHS = NO;
				CLANG_ANALYZER_NONNULL = YES;
				CLANG_ANALYZER_NUMBER_OBJECT_CONVERSION = YES_AGGRESSIVE;
				CLANG_CXX_LANGUAGE_STANDARD = "gnu++17";
				CLANG_ENABLE_MODULES = YES;
				CLANG_ENABLE_OBJC_ARC = YES;
				CLANG_ENABLE_OBJC_WEAK = YES;
				CLANG_WARN_BLOCK_CAPTURE_AUTORELEASING = YES;
				CLANG_WARN_BOOL_CONVERSION = YES;
				CLANG_WARN_COMMA = YES;
				CLANG_WARN_CONSTANT_CONVERSION = YES;
				CLANG_WARN_DEPRECATED_OBJC_IMPLEMENTATIONS = YES;
				CLANG_WARN_DIRECT_OBJC_ISA_USAGE = YES_ERROR;
				CLANG_WARN_DOCUMENTATION_COMMENTS = YES;
				CLANG_WARN_EMPTY_BODY = YES;
				CLANG_WARN_ENUM_CONVERSION = YES;
				CLANG_WARN_INFINITE_RECURSION = YES;
				CLANG_WARN_INT_CONVERSION = YES;
				CLANG_WARN_NON_LITERAL_NULL_CONVERSION = YES;
				CLANG_WARN_OBJC_IMPLICIT_RETAIN_SELF = YES;
				CLANG_WARN_OBJC_LITERAL_CONVERSION = YES;
				CLANG_WARN_OBJC_ROOT_CLASS = YES_ERROR;
				CLANG_WARN_QUOTED_INCLUDE_IN_FRAMEWORK_HEADER = YES;
				CLANG_WARN_RANGE_LOOP_ANALYSIS = YES;
				CLANG_WARN_STRICT_PROTOTYPES = YES;
				CLANG_WARN_SUSPICIOUS_MOVE = YES;
				CLANG_WARN_UNGUARDED_AVAILABILITY = YES_AGGRESSIVE;
				CLANG_WARN_UNREACHABLE_CODE = YES;
				CLANG_WARN__DUPLICATE_METHOD_MATCH = YES;
				COPY_PHASE_STRIP = NO;
				DEBUG_INFORMATION_FORMAT = "dwarf-with-dsym";
				ENABLE_NS_ASSERTIONS = NO;
				ENABLE_STRICT_OBJC_MSGSEND = YES;
				GCC_C_LANGUAGE_STANDARD = gnu11;
				GCC_NO_COMMON_BLOCKS = YES;
				GCC_WARN_64_TO_32_BIT_CONVERSION = YES;
				GCC_WARN_ABOUT_RETURN_TYPE = YES_ERROR;
				GCC_WARN_UNDECLARED_SELECTOR = YES;
				GCC_WARN_UNINITIALIZED_AUTOS = YES_AGGRESSIVE;
				GCC_WARN_UNUSED_FUNCTION = YES;
				GCC_WARN_UNUSED_VARIABLE = YES;
				IPHONEOS_DEPLOYMENT_TARGET = 15.5;
				MTL_ENABLE_DEBUG_INFO = NO;
				MTL_FAST_MATH = YES;
				SDKROOT = iphoneos;
				SWIFT_COMPILATION_MODE = wholemodule;
				SWIFT_OPTIMIZATION_LEVEL = "-O";
				VALIDATE_PRODUCT = YES;
			};
			name = Release;
		};
		95BABCA32859F71500BD187A /* Debug */ = {
			isa = XCBuildConfiguration;
			buildSettings = {
				ASSETCATALOG_COMPILER_APPICON_NAME = AppIcon;
				ASSETCATALOG_COMPILER_GLOBAL_ACCENT_COLOR_NAME = AccentColor;
				CODE_SIGN_STYLE = Automatic;
				CURRENT_PROJECT_VERSION = 1;
				GENERATE_INFOPLIST_FILE = YES;
				INFOPLIST_FILE = xylophone/Info.plist;
				INFOPLIST_KEY_UIApplicationSupportsIndirectInputEvents = YES;
				INFOPLIST_KEY_UILaunchStoryboardName = LaunchScreen;
				INFOPLIST_KEY_UIMainStoryboardFile = Main;
				INFOPLIST_KEY_UISupportedInterfaceOrientations_iPad = "UIInterfaceOrientationPortrait UIInterfaceOrientationPortraitUpsideDown UIInterfaceOrientationLandscapeLeft UIInterfaceOrientationLandscapeRight";
				INFOPLIST_KEY_UISupportedInterfaceOrientations_iPhone = "UIInterfaceOrientationPortrait UIInterfaceOrientationLandscapeLeft UIInterfaceOrientationLandscapeRight";
				LD_RUNPATH_SEARCH_PATHS = (
					"$(inherited)",
					"@executable_path/Frameworks",
				);
				MARKETING_VERSION = 1.0;
				PRODUCT_BUNDLE_IDENTIFIER = com.gor.xylophone;
				PRODUCT_NAME = "$(TARGET_NAME)";
				SWIFT_EMIT_LOC_STRINGS = YES;
				SWIFT_VERSION = 5.0;
				TARGETED_DEVICE_FAMILY = "1,2";
			};
			name = Debug;
		};
		95BABCA42859F71500BD187A /* Release */ = {
			isa = XCBuildConfiguration;
			buildSettings = {
				ASSETCATALOG_COMPILER_APPICON_NAME = AppIcon;
				ASSETCATALOG_COMPILER_GLOBAL_ACCENT_COLOR_NAME = AccentColor;
				CODE_SIGN_STYLE = Automatic;
				CURRENT_PROJECT_VERSION = 1;
				GENERATE_INFOPLIST_FILE = YES;
				INFOPLIST_FILE = xylophone/Info.plist;
				INFOPLIST_KEY_UIApplicationSupportsIndirectInputEvents = YES;
				INFOPLIST_KEY_UILaunchStoryboardName = LaunchScreen;
				INFOPLIST_KEY_UIMainStoryboardFile = Main;
				INFOPLIST_KEY_UISupportedInterfaceOrientations_iPad = "UIInterfaceOrientationPortrait UIInterfaceOrientationPortraitUpsideDown UIInterfaceOrientationLandscapeLeft UIInterfaceOrientationLandscapeRight";
				INFOPLIST_KEY_UISupportedInterfaceOrientations_iPhone = "UIInterfaceOrientationPortrait UIInterfaceOrientationLandscapeLeft UIInterfaceOrientationLandscapeRight";
				LD_RUNPATH_SEARCH_PATHS = (
					"$(inherited)",
					"@executable_path/Frameworks",
				);
				MARKETING_VERSION = 1.0;
				PRODUCT_BUNDLE_IDENTIFIER = com.gor.xylophone;
				PRODUCT_NAME = "$(TARGET_NAME)";
				SWIFT_EMIT_LOC_STRINGS = YES;
				SWIFT_VERSION = 5.0;
				TARGETED_DEVICE_FAMILY = "1,2";
			};
			name = Release;
		};
/* End XCBuildConfiguration section */

/* Begin XCConfigurationList section */
		95BABC862859F71400BD187A /* Build configuration list for PBXProject "xylophone" */ = {
			isa = XCConfigurationList;
			buildConfigurations = (
				95BABCA02859F71500BD187A /* Debug */,
				95BABCA12859F71500BD187A /* Release */,
			);
			defaultConfigurationIsVisible = 0;
			defaultConfigurationName = Release;
		};
		95BABCA22859F71500BD187A /* Build configuration list for PBXNativeTarget "xylophone" */ = {
			isa = XCConfigurationList;
			buildConfigurations = (
				95BABCA32859F71500BD187A /* Debug */,
				95BABCA42859F71500BD187A /* Release */,
			);
			defaultConfigurationIsVisible = 0;
			defaultConfigurationName = Release;
		};
/* End XCConfigurationList section */

/* Begin XCVersionGroup section */
		95BABC972859F71400BD187A /* xylophone.xcdatamodeld */ = {
			isa = XCVersionGroup;
			children = (
				95BABC982859F71400BD187A /* xylophone.xcdatamodel */,
			);
			currentVersion = 95BABC982859F71400BD187A /* xylophone.xcdatamodel */;
			path = xylophone.xcdatamodeld;
			sourceTree = "<group>";
			versionGroupType = wrapper.xcdatamodel;
		};
/* End XCVersionGroup section */
	};
	rootObject = 95BABC832859F71400BD187A /* Project object */;
}
